{
    "name": "build_system_test",
    "version": "1.0.0",
    "lockfileVersion": 3,
    "requires": true,
    "packages": {
        "": {
            "name": "build_system_test",
            "version": "1.0.0",
            "dependencies": {
                "build_system": "file:/home/s00912778/code_09_12_2024/code/arkcompiler/ets_frontend/ets2panda/driver/build_system",
                "libarkts": "file:/home/s00912778/code_09_12_2024/code/arkcompiler/ets_frontend/ets2panda/driver/koala_wrapper"
            },
            "devDependencies": {}
        },
        "../../../../arkcompiler/ets_frontend/ets2panda/driver/build_system": {
            "name": "ArkTS2.0_build_system",
            "version": "1.0.0",
            "dependencies": {
                "libarkts": "../koala_wrapper",
                "libarkts2": "../ts_wrapper"
            },
            "devDependencies": {
                "@tsconfig/recommended": "1.0.8",
                "@types/node": "22.10.7",
                "rimraf": "6.0.1",
                "typescript": "^5.0.0"
            }
        },
        "../../../../arkcompiler/ets_frontend/ets2panda/driver/koala_wrapper": {
            "name": "@koalaui/libarkts",
            "version": "1.0.0",
            "dependencies": {
                "@koalaui/ets-tsc": "4.9.5-r4",
                "@koalaui/interop": "1.5.5+devel",
                "@panda/sdk": "1.5.0-dev.19585",
                "@tsconfig/recommended": "1.0.8",
                "@types/commander": "^2.12.5",
                "mocha": "^11.1.0",
                "node-addon-api": "^8.3.0",
                "node-api-headers": "^1.4.0",
                "typescript": "^5.0.0"
            },
            "devDependencies": {
                "@babel/cli": "7.20.7",
                "@babel/core": "7.20.12",
                "@babel/plugin-proposal-class-properties": "7.18.6",
                "@babel/preset-env": "7.20.2",
                "@babel/preset-typescript": "7.18.6",
                "@babel/runtime": "7.20.13"
            }
        },
        "${absolute_path_to_build_system}/build_system": {
            "extraneous": true
        },
        "${absolute_path_to_koala_wrapper}/koala_wrapper": {
            "extraneous": true
        },
        "node_modules/build_system": {
            "resolved": "../../../../arkcompiler/ets_frontend/ets2panda/driver/build_system",
            "link": true
        },
        "node_modules/libarkts": {
            "resolved": "../../../../arkcompiler/ets_frontend/ets2panda/driver/koala_wrapper",
            "link": true
        }
    }
}
